# This file is generated by running "yarn install" inside your project.
# Manual changes might be lost - proceed with caution!

__metadata:
  version: 10
  cacheKey: 10c0

"@convertcom/js-sdk-bucketing@npm:3.1.2":
  version: 3.1.2
  resolution: "@convertcom/js-sdk-bucketing@npm:3.1.2"
  peerDependencies:
    "@convertcom/js-sdk-enums": ">=2.3.0"
    "@convertcom/js-sdk-logger": ">=2.1.2"
    "@convertcom/js-sdk-types": ">=3.9.0"
    "@convertcom/js-sdk-utils": ">=2.2.3"
  checksum: 10c0/74f99e46613c0029949dea2ad53dbd58e1ebd4ac1c933052e93f8c7b8c641ac3460b041b17eb1599ead996d36c81097bdeba0fe97f012cd8bf2b3c435f5a1acc
  languageName: node
  linkType: hard

"convert-android-sdk-parity-tooling@workspace:.":
  version: 0.0.0-use.local
  resolution: "convert-android-sdk-parity-tooling@workspace:."
  dependencies:
    "@convertcom/js-sdk-bucketing": "npm:3.1.2"
  languageName: unknown
  linkType: soft
